
Microsoft Visual Studio Solution File, Format Version 12.00
# Visual Studio 2012
Project("{FAE04EC0-301F-11D3-BF4B-00C04F79EFBC}") = "ti.me", "ti.me\ti.me.csproj", "{9CB83DD0-A6B2-4337-87CA-5AF659EC08F9}"
EndProject
Global
	GlobalSection(SolutionConfigurationPlatforms) = preSolution
		Debug|Any CPU = Debug|Any CPU
		Release|Any CPU = Release|Any CPU
	EndGlobalSection
	GlobalSection(ProjectConfigurationPlatforms) = postSolution
		{9CB83DD0-A6B2-4337-87CA-5AF659EC08F9}.Debug|Any CPU.ActiveCfg = Debug|Any CPU
		{9CB83DD0-A6B2-4337-87CA-5AF659EC08F9}.Debug|Any CPU.Build.0 = Debug|Any CPU
		{9CB83DD0-A6B2-4337-87CA-5AF659EC08F9}.Release|Any CPU.ActiveCfg = Release|Any CPU
		{9CB83DD0-A6B2-4337-87CA-5AF659EC08F9}.Release|Any CPU.Build.0 = Release|Any CPU
	EndGlobalSection
	GlobalSection(SolutionProperties) = preSolution
		HideSolutionNode = FALSE
	EndGlobalSection
EndGlobal
